
Microsoft Visual Studio Solution File, Format Version 11.00
# Visual Studio 2012
Project("{FAE04EC0-301F-11D3-BF4B-00C04F79EFBC}") = "WR.Blog.Data", "WR.Blog.Data\WR.Blog.Data.csproj", "{C9F9C3A0-97C0-40AF-9D29-0533EFC63B7A}"
EndProject
Project("{FAE04EC0-301F-11D3-BF4B-00C04F79EFBC}") = "WR.Blog.Mvc", "WR.Blog.Mvc\WR.Blog.Mvc.csproj", "{06EF01C4-FA3B-4487-988B-41CF915ED8CF}"
EndProject
Project("{FAE04EC0-301F-11D3-BF4B-00C04F79EFBC}") = "WR.Blog.Business", "WR.Blog.Business\WR.Blog.Business.csproj", "{8103C2B3-7782-4B0B-AE1A-E8E7BB9D0243}"
EndProject
Project("{2150E333-8FDC-42A3-9474-1A3956D46DE8}") = ".nuget", ".nuget", "{2956F7E1-8273-44F5-9293-5B32F3551A85}"
	ProjectSection(SolutionItems) = preProject
		.nuget\packages.config = .nuget\packages.config
	EndProjectSection
EndProject
Project("{FAE04EC0-301F-11D3-BF4B-00C04F79EFBC}") = "WR.Blog.Tests", "WR.Blog.Tests\WR.Blog.Tests.csproj", "{B6A23F6A-D5DD-4A5C-A35C-7145A9A62419}"
EndProject
Global
	GlobalSection(SolutionConfigurationPlatforms) = preSolution
		Debug|Any CPU = Debug|Any CPU
		Release|Any CPU = Release|Any CPU
	EndGlobalSection
	GlobalSection(ProjectConfigurationPlatforms) = postSolution
		{C9F9C3A0-97C0-40AF-9D29-0533EFC63B7A}.Debug|Any CPU.ActiveCfg = Debug|Any CPU
		{C9F9C3A0-97C0-40AF-9D29-0533EFC63B7A}.Debug|Any CPU.Build.0 = Debug|Any CPU
		{C9F9C3A0-97C0-40AF-9D29-0533EFC63B7A}.Release|Any CPU.ActiveCfg = Release|Any CPU
		{C9F9C3A0-97C0-40AF-9D29-0533EFC63B7A}.Release|Any CPU.Build.0 = Release|Any CPU
		{06EF01C4-FA3B-4487-988B-41CF915ED8CF}.Debug|Any CPU.ActiveCfg = Debug|Any CPU
		{06EF01C4-FA3B-4487-988B-41CF915ED8CF}.Debug|Any CPU.Build.0 = Debug|Any CPU
		{06EF01C4-FA3B-4487-988B-41CF915ED8CF}.Release|Any CPU.ActiveCfg = Release|Any CPU
		{06EF01C4-FA3B-4487-988B-41CF915ED8CF}.Release|Any CPU.Build.0 = Release|Any CPU
		{8103C2B3-7782-4B0B-AE1A-E8E7BB9D0243}.Debug|Any CPU.ActiveCfg = Debug|Any CPU
		{8103C2B3-7782-4B0B-AE1A-E8E7BB9D0243}.Debug|Any CPU.Build.0 = Debug|Any CPU
		{8103C2B3-7782-4B0B-AE1A-E8E7BB9D0243}.Release|Any CPU.ActiveCfg = Release|Any CPU
		{8103C2B3-7782-4B0B-AE1A-E8E7BB9D0243}.Release|Any CPU.Build.0 = Release|Any CPU
		{B6A23F6A-D5DD-4A5C-A35C-7145A9A62419}.Debug|Any CPU.ActiveCfg = Debug|Any CPU
		{B6A23F6A-D5DD-4A5C-A35C-7145A9A62419}.Debug|Any CPU.Build.0 = Debug|Any CPU
		{B6A23F6A-D5DD-4A5C-A35C-7145A9A62419}.Release|Any CPU.ActiveCfg = Release|Any CPU
		{B6A23F6A-D5DD-4A5C-A35C-7145A9A62419}.Release|Any CPU.Build.0 = Release|Any CPU
	EndGlobalSection
	GlobalSection(SolutionProperties) = preSolution
		HideSolutionNode = FALSE
	EndGlobalSection
EndGlobal
